// !$*UTF8*$!
{
	archiveVersion = 1;
	classes = {
	};
	objectVersion = 46;
	objects = {

/* Begin PBXBuildFile section */
		FE71F78F1AD76E5600D5E343 /* main.m in Sources */ = {isa = PBXBuildFile; fileRef = FE71F78E1AD76E5600D5E343 /* main.m */; };
		FE71F7921AD76E5600D5E343 /* AppDelegate.m in Sources */ = {isa = PBXBuildFile; fileRef = FE71F7911AD76E5600D5E343 /* AppDelegate.m */; };
		FE71F7951AD76E5600D5E343 /* ViewController.m in Sources */ = {isa = PBXBuildFile; fileRef = FE71F7941AD76E5600D5E343 /* ViewController.m */; };
		FE71F7981AD76E5600D5E343 /* Main.storyboard in Resources */ = {isa = PBXBuildFile; fileRef = FE71F7961AD76E5600D5E343 /* Main.storyboard */; };
		FE71F79A1AD76E5600D5E343 /* Images.xcassets in Resources */ = {isa = PBXBuildFile; fileRef = FE71F7991AD76E5600D5E343 /* Images.xcassets */; };
		FE71F79D1AD76E5600D5E343 /* LaunchScreen.xib in Resources */ = {isa = PBXBuildFile; fileRef = FE71F79B1AD76E5600D5E343 /* LaunchScreen.xib */; };
		FE71F7A91AD76E5600D5E343 /* GeschwindTests.m in Sources */ = {isa = PBXBuildFile; fileRef = FE71F7A81AD76E5600D5E343 /* GeschwindTests.m */; };
		FEB797AA1AD770710013BAA0 /* GeschwindViewController.m in Sources */ = {isa = PBXBuildFile; fileRef = FEB797A91AD770710013BAA0 /* GeschwindViewController.m */; };
/* End PBXBuildFile section */

/* Begin PBXContainerItemProxy section */
		FE71F7A31AD76E5600D5E343 /* PBXContainerItemProxy */ = {
			isa = PBXContainerItemProxy;
			containerPortal = FE71F7811AD76E5500D5E343 /* Project object */;
			proxyType = 1;
			remoteGlobalIDString = FE71F7881AD76E5600D5E343;
			remoteInfo = Geschwind;
		};
/* End PBXContainerItemProxy section */

/* Begin PBXFileReference section */
		FE71F7891AD76E5600D5E343 /* Geschwind.app */ = {isa = PBXFileReference; explicitFileType = wrapper.application; includeInIndex = 0; path = Geschwind.app; sourceTree = BUILT_PRODUCTS_DIR; };
		FE71F78D1AD76E5600D5E343 /* Info.plist */ = {isa = PBXFileReference; lastKnownFileType = text.plist.xml; path = Info.plist; sourceTree = "<group>"; };
		FE71F78E1AD76E5600D5E343 /* main.m */ = {isa = PBXFileReference; lastKnownFileType = sourcecode.c.objc; path = main.m; sourceTree = "<group>"; };
		FE71F7901AD76E5600D5E343 /* AppDelegate.h */ = {isa = PBXFileReference; lastKnownFileType = sourcecode.c.h; path = AppDelegate.h; sourceTree = "<group>"; };
		FE71F7911AD76E5600D5E343 /* AppDelegate.m */ = {isa = PBXFileReference; lastKnownFileType = sourcecode.c.objc; path = AppDelegate.m; sourceTree = "<group>"; };
		FE71F7931AD76E5600D5E343 /* ViewController.h */ = {isa = PBXFileReference; lastKnownFileType = sourcecode.c.h; path = ViewController.h; sourceTree = "<group>"; };
		FE71F7941AD76E5600D5E343 /* ViewController.m */ = {isa = PBXFileReference; lastKnownFileType = sourcecode.c.objc; path = ViewController.m; sourceTree = "<group>"; };
		FE71F7971AD76E5600D5E343 /* Base */ = {isa = PBXFileReference; lastKnownFileType = file.storyboard; name = Base; path = Base.lproj/Main.storyboard; sourceTree = "<group>"; };
		FE71F7991AD76E5600D5E343 /* Images.xcassets */ = {isa = PBXFileReference; lastKnownFileType = folder.assetcatalog; path = Images.xcassets; sourceTree = "<group>"; };
		FE71F79C1AD76E5600D5E343 /* Base */ = {isa = PBXFileReference; lastKnownFileType = file.xib; name = Base; path = Base.lproj/LaunchScreen.xib; sourceTree = "<group>"; };
		FE71F7A21AD76E5600D5E343 /* GeschwindTests.xctest */ = {isa = PBXFileReference; explicitFileType = wrapper.cfbundle; includeInIndex = 0; path = GeschwindTests.xctest; sourceTree = BUILT_PRODUCTS_DIR; };
		FE71F7A71AD76E5600D5E343 /* Info.plist */ = {isa = PBXFileReference; lastKnownFileType = text.plist.xml; path = Info.plist; sourceTree = "<group>"; };
		FE71F7A81AD76E5600D5E343 /* GeschwindTests.m */ = {isa = PBXFileReference; lastKnownFileType = sourcecode.c.objc; path = GeschwindTests.m; sourceTree = "<group>"; };
		FEB797A81AD770710013BAA0 /* GeschwindViewController.h */ = {isa = PBXFileReference; fileEncoding = 4; lastKnownFileType = sourcecode.c.h; path = GeschwindViewController.h; sourceTree = "<group>"; };
		FEB797A91AD770710013BAA0 /* GeschwindViewController.m */ = {isa = PBXFileReference; fileEncoding = 4; lastKnownFileType = sourcecode.c.objc; path = GeschwindViewController.m; sourceTree = "<group>"; };
/* End PBXFileReference section */

/* Begin PBXFrameworksBuildPhase section */
		FE71F7861AD76E5600D5E343 /* Frameworks */ = {
			isa = PBXFrameworksBuildPhase;
			buildActionMask = 2147483647;
			files = (
			);
			runOnlyForDeploymentPostprocessing = 0;
		};
		FE71F79F1AD76E5600D5E343 /* Frameworks */ = {
			isa = PBXFrameworksBuildPhase;
			buildActionMask = 2147483647;
			files = (
			);
			runOnlyForDeploymentPostprocessing = 0;
		};
/* End PBXFrameworksBuildPhase section */

/* Begin PBXGroup section */
		FE71F7801AD76E5500D5E343 = {
			isa = PBXGroup;
			children = (
				FE71F78B1AD76E5600D5E343 /* Geschwind */,
				FE71F7A51AD76E5600D5E343 /* GeschwindTests */,
				FE71F78A1AD76E5600D5E343 /* Products */,
			);
			sourceTree = "<group>";
		};
		FE71F78A1AD76E5600D5E343 /* Products */ = {
			isa = PBXGroup;
			children = (
				FE71F7891AD76E5600D5E343 /* Geschwind.app */,
				FE71F7A21AD76E5600D5E343 /* GeschwindTests.xctest */,
			);
			name = Products;
			sourceTree = "<group>";
		};
		FE71F78B1AD76E5600D5E343 /* Geschwind */ = {
			isa = PBXGroup;
			children = (
				FE71F7901AD76E5600D5E343 /* AppDelegate.h */,
				FE71F7911AD76E5600D5E343 /* AppDelegate.m */,
				FE71F7931AD76E5600D5E343 /* ViewController.h */,
				FE71F7941AD76E5600D5E343 /* ViewController.m */,
				FEB797A81AD770710013BAA0 /* GeschwindViewController.h */,
				FEB797A91AD770710013BAA0 /* GeschwindViewController.m */,
				FE71F7961AD76E5600D5E343 /* Main.storyboard */,
				FE71F7991AD76E5600D5E343 /* Images.xcassets */,
				FE71F79B1AD76E5600D5E343 /* LaunchScreen.xib */,
				FE71F78C1AD76E5600D5E343 /* Supporting Files */,
			);
			path = Geschwind;
			sourceTree = "<group>";
		};
		FE71F78C1AD76E5600D5E343 /* Supporting Files */ = {
			isa = PBXGroup;
			children = (
				FE71F78D1AD76E5600D5E343 /* Info.plist */,
				FE71F78E1AD76E5600D5E343 /* main.m */,
			);
			name = "Supporting Files";
			sourceTree = "<group>";
		};
		FE71F7A51AD76E5600D5E343 /* GeschwindTests */ = {
			isa = PBXGroup;
			children = (
				FE71F7A81AD76E5600D5E343 /* GeschwindTests.m */,
				FE71F7A61AD76E5600D5E343 /* Supporting Files */,
			);
			path = GeschwindTests;
			sourceTree = "<group>";
		};
		FE71F7A61AD76E5600D5E343 /* Supporting Files */ = {
			isa = PBXGroup;
			children = (
				FE71F7A71AD76E5600D5E343 /* Info.plist */,
			);
			name = "Supporting Files";
			sourceTree = "<group>";
		};
/* End PBXGroup section */

/* Begin PBXNativeTarget section */
		FE71F7881AD76E5600D5E343 /* Geschwind */ = {
			isa = PBXNativeTarget;
			buildConfigurationList = FE71F7AC1AD76E5600D5E343 /* Build configuration list for PBXNativeTarget "Geschwind" */;
			buildPhases = (
				FE71F7851AD76E5600D5E343 /* Sources */,
				FE71F7861AD76E5600D5E343 /* Frameworks */,
				FE71F7871AD76E5600D5E343 /* Resources */,
			);
			buildRules = (
			);
			dependencies = (
			);
			name = Geschwind;
			productName = Geschwind;
			productReference = FE71F7891AD76E5600D5E343 /* Geschwind.app */;
			productType = "com.apple.product-type.application";
		};
		FE71F7A11AD76E5600D5E343 /* GeschwindTests */ = {
			isa = PBXNativeTarget;
			buildConfigurationList = FE71F7AF1AD76E5600D5E343 /* Build configuration list for PBXNativeTarget "GeschwindTests" */;
			buildPhases = (
				FE71F79E1AD76E5600D5E343 /* Sources */,
				FE71F79F1AD76E5600D5E343 /* Frameworks */,
				FE71F7A01AD76E5600D5E343 /* Resources */,
			);
			buildRules = (
			);
			dependencies = (
				FE71F7A41AD76E5600D5E343 /* PBXTargetDependency */,
			);
			name = GeschwindTests;
			productName = GeschwindTests;
			productReference = FE71F7A21AD76E5600D5E343 /* GeschwindTests.xctest */;
			productType = "com.apple.product-type.bundle.unit-test";
		};
/* End PBXNativeTarget section */

/* Begin PBXProject section */
		FE71F7811AD76E5500D5E343 /* Project object */ = {
			isa = PBXProject;
			attributes = {
				LastUpgradeCheck = 0630;
				ORGANIZATIONNAME = "Princess of Darkness Factory";
				TargetAttributes = {
					FE71F7881AD76E5600D5E343 = {
						CreatedOnToolsVersion = 6.3;
					};
					FE71F7A11AD76E5600D5E343 = {
						CreatedOnToolsVersion = 6.3;
						TestTargetID = FE71F7881AD76E5600D5E343;
					};
				};
			};
			buildConfigurationList = FE71F7841AD76E5500D5E343 /* Build configuration list for PBXProject "Geschwind" */;
			compatibilityVersion = "Xcode 3.2";
			developmentRegion = English;
			hasScannedForEncodings = 0;
			knownRegions = (
				en,
				Base,
			);
			mainGroup = FE71F7801AD76E5500D5E343;
			productRefGroup = FE71F78A1AD76E5600D5E343 /* Products */;
			projectDirPath = "";
			projectRoot = "";
			targets = (
				FE71F7881AD76E5600D5E343 /* Geschwind */,
				FE71F7A11AD76E5600D5E343 /* GeschwindTests */,
			);
		};
/* End PBXProject section */

/* Begin PBXResourcesBuildPhase section */
		FE71F7871AD76E5600D5E343 /* Resources */ = {
			isa = PBXResourcesBuildPhase;
			buildActionMask = 2147483647;
			files = (
				FE71F7981AD76E5600D5E343 /* Main.storyboard in Resources */,
				FE71F79D1AD76E5600D5E343 /* LaunchScreen.xib in Resources */,
				FE71F79A1AD76E5600D5E343 /* Images.xcassets in Resources */,
			);
			runOnlyForDeploymentPostprocessing = 0;
		};
		FE71F7A01AD76E5600D5E343 /* Resources */ = {
			isa = PBXResourcesBuildPhase;
			buildActionMask = 2147483647;
			files = (
			);
			runOnlyForDeploymentPostprocessing = 0;
		};
/* End PBXResourcesBuildPhase section */

/* Begin PBXSourcesBuildPhase section */
		FE71F7851AD76E5600D5E343 /* Sources */ = {
			isa = PBXSourcesBuildPhase;
			buildActionMask = 2147483647;
			files = (
				FE71F7951AD76E5600D5E343 /* ViewController.m in Sources */,
				FE71F7921AD76E5600D5E343 /* AppDelegate.m in Sources */,
				FE71F78F1AD76E5600D5E343 /* main.m in Sources */,
				FEB797AA1AD770710013BAA0 /* GeschwindViewController.m in Sources */,
			);
			runOnlyForDeploymentPostprocessing = 0;
		};
		FE71F79E1AD76E5600D5E343 /* Sources */ = {
			isa = PBXSourcesBuildPhase;
			buildActionMask = 2147483647;
			files = (
				FE71F7A91AD76E5600D5E343 /* GeschwindTests.m in Sources */,
			);
			runOnlyForDeploymentPostprocessing = 0;
		};
/* End PBXSourcesBuildPhase section */

/* Begin PBXTargetDependency section */
		FE71F7A41AD76E5600D5E343 /* PBXTargetDependency */ = {
			isa = PBXTargetDependency;
			target = FE71F7881AD76E5600D5E343 /* Geschwind */;
			targetProxy = FE71F7A31AD76E5600D5E343 /* PBXContainerItemProxy */;
		};
/* End PBXTargetDependency section */

/* Begin PBXVariantGroup section */
		FE71F7961AD76E5600D5E343 /* Main.storyboard */ = {
			isa = PBXVariantGroup;
			children = (
				FE71F7971AD76E5600D5E343 /* Base */,
			);
			name = Main.storyboard;
			sourceTree = "<group>";
		};
		FE71F79B1AD76E5600D5E343 /* LaunchScreen.xib */ = {
			isa = PBXVariantGroup;
			children = (
				FE71F79C1AD76E5600D5E343 /* Base */,
			);
			name = LaunchScreen.xib;
			sourceTree = "<group>";
		};
/* End PBXVariantGroup section */

/* Begin XCBuildConfiguration section */
		FE71F7AA1AD76E5600D5E343 /* Debug */ = {
			isa = XCBuildConfiguration;
			buildSettings = {
				ALWAYS_SEARCH_USER_PATHS = NO;
				CLANG_CXX_LANGUAGE_STANDARD = "gnu++0x";
				CLANG_CXX_LIBRARY = "libc++";
				CLANG_ENABLE_MODULES = YES;
				CLANG_ENABLE_OBJC_ARC = YES;
				CLANG_WARN_BOOL_CONVERSION = YES;
				CLANG_WARN_CONSTANT_CONVERSION = YES;
				CLANG_WARN_DIRECT_OBJC_ISA_USAGE = YES_ERROR;
				CLANG_WARN_EMPTY_BODY = YES;
				CLANG_WARN_ENUM_CONVERSION = YES;
				CLANG_WARN_INT_CONVERSION = YES;
				CLANG_WARN_OBJC_ROOT_CLASS = YES_ERROR;
				CLANG_WARN_UNREACHABLE_CODE = YES;
				CLANG_WARN__DUPLICATE_METHOD_MATCH = YES;
				"CODE_SIGN_IDENTITY[sdk=iphoneos*]" = "iPhone Developer";
				COPY_PHASE_STRIP = NO;
				DEBUG_INFORMATION_FORMAT = "dwarf-with-dsym";
				ENABLE_STRICT_OBJC_MSGSEND = YES;
				GCC_C_LANGUAGE_STANDARD = gnu99;
				GCC_DYNAMIC_NO_PIC = NO;
				GCC_NO_COMMON_BLOCKS = YES;
				GCC_OPTIMIZATION_LEVEL = 0;
				GCC_PREPROCESSOR_DEFINITIONS = (
					"DEBUG=1",
					"$(inherited)",
				);
				GCC_SYMBOLS_PRIVATE_EXTERN = NO;
				GCC_WARN_64_TO_32_BIT_CONVERSION = YES;
				GCC_WARN_ABOUT_RETURN_TYPE = YES_ERROR;
				GCC_WARN_UNDECLARED_SELECTOR = YES;
				GCC_WARN_UNINITIALIZED_AUTOS = YES_AGGRESSIVE;
				GCC_WARN_UNUSED_FUNCTION = YES;
				GCC_WARN_UNUSED_VARIABLE = YES;
				IPHONEOS_DEPLOYMENT_TARGET = 8.3;
				MTL_ENABLE_DEBUG_INFO = YES;
				ONLY_ACTIVE_ARCH = YES;
				SDKROOT = iphoneos;
				TARGETED_DEVICE_FAMILY = "1,2";
			};
			name = Debug;
		};
		FE71F7AB1AD76E5600D5E343 /* Release */ = {
			isa = XCBuildConfiguration;
			buildSettings = {
				ALWAYS_SEARCH_USER_PATHS = NO;
				CLANG_CXX_LANGUAGE_STANDARD = "gnu++0x";
				CLANG_CXX_LIBRARY = "libc++";
				CLANG_ENABLE_MODULES = YES;
				CLANG_ENABLE_OBJC_ARC = YES;
				CLANG_WARN_BOOL_CONVERSION = YES;
				CLANG_WARN_CONSTANT_CONVERSION = YES;
				CLANG_WARN_DIRECT_OBJC_ISA_USAGE = YES_ERROR;
				CLANG_WARN_EMPTY_BODY = YES;
				CLANG_WARN_ENUM_CONVERSION = YES;
				CLANG_WARN_INT_CONVERSION = YES;
				CLANG_WARN_OBJC_ROOT_CLASS = YES_ERROR;
				CLANG_WARN_UNREACHABLE_CODE = YES;
				CLANG_WARN__DUPLICATE_METHOD_MATCH = YES;
				"CODE_SIGN_IDENTITY[sdk=iphoneos*]" = "iPhone Developer";
				COPY_PHASE_STRIP = NO;
				DEBUG_INFORMATION_FORMAT = "dwarf-with-dsym";
				ENABLE_NS_ASSERTIONS = NO;
				ENABLE_STRICT_OBJC_MSGSEND = YES;
				GCC_C_LANGUAGE_STANDARD = gnu99;
				GCC_NO_COMMON_BLOCKS = YES;
				GCC_WARN_64_TO_32_BIT_CONVERSION = YES;
				GCC_WARN_ABOUT_RETURN_TYPE = YES_ERROR;
				GCC_WARN_UNDECLARED_SELECTOR = YES;
				GCC_WARN_UNINITIALIZED_AUTOS = YES_AGGRESSIVE;
				GCC_WARN_UNUSED_FUNCTION = YES;
				GCC_WARN_UNUSED_VARIABLE = YES;
				IPHONEOS_DEPLOYMENT_TARGET = 8.3;
				MTL_ENABLE_DEBUG_INFO = NO;
				SDKROOT = iphoneos;
				TARGETED_DEVICE_FAMILY = "1,2";
				VALIDATE_PRODUCT = YES;
			};
			name = Release;
		};
		FE71F7AD1AD76E5600D5E343 /* Debug */ = {
			isa = XCBuildConfiguration;
			buildSettings = {
				ASSETCATALOG_COMPILER_APPICON_NAME = AppIcon;
				INFOPLIST_FILE = Geschwind/Info.plist;
				LD_RUNPATH_SEARCH_PATHS = "$(inherited) @executable_path/Frameworks";
				PRODUCT_NAME = "$(TARGET_NAME)";
			};
			name = Debug;
		};
		FE71F7AE1AD76E5600D5E343 /* Release */ = {
			isa = XCBuildConfiguration;
			buildSettings = {
				ASSETCATALOG_COMPILER_APPICON_NAME = AppIcon;
				INFOPLIST_FILE = Geschwind/Info.plist;
				LD_RUNPATH_SEARCH_PATHS = "$(inherited) @executable_path/Frameworks";
				PRODUCT_NAME = "$(TARGET_NAME)";
			};
			name = Release;
		};
		FE71F7B01AD76E5600D5E343 /* Debug */ = {
			isa = XCBuildConfiguration;
			buildSettings = {
				BUNDLE_LOADER = "$(TEST_HOST)";
				FRAMEWORK_SEARCH_PATHS = (
					"$(SDKROOT)/Developer/Library/Frameworks",
					"$(inherited)",
				);
				GCC_PREPROCESSOR_DEFINITIONS = (
					"DEBUG=1",
					"$(inherited)",
				);
				INFOPLIST_FILE = GeschwindTests/Info.plist;
				LD_RUNPATH_SEARCH_PATHS = "$(inherited) @executable_path/Frameworks @loader_path/Frameworks";
				PRODUCT_NAME = "$(TARGET_NAME)";
				TEST_HOST = "$(BUILT_PRODUCTS_DIR)/Geschwind.app/Geschwind";
			};
			name = Debug;
		};
		FE71F7B11AD76E5600D5E343 /* Release */ = {
			isa = XCBuildConfiguration;
			buildSettings = {
				BUNDLE_LOADER = "$(TEST_HOST)";
				FRAMEWORK_SEARCH_PATHS = (
					"$(SDKROOT)/Developer/Library/Frameworks",
					"$(inherited)",
				);
				INFOPLIST_FILE = GeschwindTests/Info.plist;
				LD_RUNPATH_SEARCH_PATHS = "$(inherited) @executable_path/Frameworks @loader_path/Frameworks";
				PRODUCT_NAME = "$(TARGET_NAME)";
				TEST_HOST = "$(BUILT_PRODUCTS_DIR)/Geschwind.app/Geschwind";
			};
			name = Release;
		};
/* End XCBuildConfiguration section */

/* Begin XCConfigurationList section */
		FE71F7841AD76E5500D5E343 /* Build configuration list for PBXProject "Geschwind" */ = {
			isa = XCConfigurationList;
			buildConfigurations = (
				FE71F7AA1AD76E5600D5E343 /* Debug */,
				FE71F7AB1AD76E5600D5E343 /* Release */,
			);
			defaultConfigurationIsVisible = 0;
			defaultConfigurationName = Release;
		};
		FE71F7AC1AD76E5600D5E343 /* Build configuration list for PBXNativeTarget "Geschwind" */ = {
			isa = XCConfigurationList;
			buildConfigurations = (
				FE71F7AD1AD76E5600D5E343 /* Debug */,
				FE71F7AE1AD76E5600D5E343 /* Release */,
			);
			defaultConfigurationIsVisible = 0;
			defaultConfigurationName = Release;
		};
		FE71F7AF1AD76E5600D5E343 /* Build configuration list for PBXNativeTarget "GeschwindTests" */ = {
			isa = XCConfigurationList;
			buildConfigurations = (
				FE71F7B01AD76E5600D5E343 /* Debug */,
				FE71F7B11AD76E5600D5E343 /* Release */,
			);
			defaultConfigurationIsVisible = 0;
			defaultConfigurationName = Release;
		};
/* End XCConfigurationList section */
	};
	rootObject = FE71F7811AD76E5500D5E343 /* Project object */;
}
